// !$*UTF8*$!
{
	archiveVersion = 1;
	classes = {
	};
	objectVersion = 46;
	objects = {

/* Begin PBXBuildFile section */
		2702C8281CB9675D0095EE74 /* ConfirmCode.swift in Sources */ = {isa = PBXBuildFile; fileRef = 2702C8261CB9675D0095EE74 /* ConfirmCode.swift */; };
		2702C82E1CB9ADB60095EE74 /* MainWindowController.swift in Sources */ = {isa = PBXBuildFile; fileRef = 2702C82D1CB9ADB60095EE74 /* MainWindowController.swift */; };
		270884951CBA999800780F07 /* StatisticsWindow.swift in Sources */ = {isa = PBXBuildFile; fileRef = 270884941CBA999800780F07 /* StatisticsWindow.swift */; };
		2710CD561CAD43DE00F46F7E /* Admins.swift in Sources */ = {isa = PBXBuildFile; fileRef = 2710CD551CAD43DE00F46F7E /* Admins.swift */; };
		2710CD581CAD46E600F46F7E /* Icon.xcassets in Resources */ = {isa = PBXBuildFile; fileRef = 2710CD571CAD46E600F46F7E /* Icon.xcassets */; };
		2710CD611CAD58B400F46F7E /* AdminComm.swift in Sources */ = {isa = PBXBuildFile; fileRef = 2710CD601CAD58B400F46F7E /* AdminComm.swift */; };
		271719D81CAD3C3900123816 /* AppDelegate.swift in Sources */ = {isa = PBXBuildFile; fileRef = 271719D71CAD3C3900123816 /* AppDelegate.swift */; };
		271719DD1CAD3C3900123816 /* CommHub.xcdatamodeld in Sources */ = {isa = PBXBuildFile; fileRef = 271719DB1CAD3C3900123816 /* CommHub.xcdatamodeld */; };
		271719DF1CAD3C3900123816 /* Assets.xcassets in Resources */ = {isa = PBXBuildFile; fileRef = 271719DE1CAD3C3900123816 /* Assets.xcassets */; };
		271719E21CAD3C3900123816 /* Main.storyboard in Resources */ = {isa = PBXBuildFile; fileRef = 271719E01CAD3C3900123816 /* Main.storyboard */; };
		271719ED1CAD3C3900123816 /* CommHubTests.swift in Sources */ = {isa = PBXBuildFile; fileRef = 271719EC1CAD3C3900123816 /* CommHubTests.swift */; };
		271719F81CAD3C3900123816 /* CommHubUITests.swift in Sources */ = {isa = PBXBuildFile; fileRef = 271719F71CAD3C3900123816 /* CommHubUITests.swift */; };
		2718F25A1CE10A8C00FD64D5 /* StatisticPage.swift in Sources */ = {isa = PBXBuildFile; fileRef = 2718F2591CE10A8C00FD64D5 /* StatisticPage.swift */; };
		271BF6EE1CAFEF55005144D6 /* Subjects.swift in Sources */ = {isa = PBXBuildFile; fileRef = 271BF6ED1CAFEF55005144D6 /* Subjects.swift */; };
		271BF6F11CB003AD005144D6 /* SubjectCard.swift in Sources */ = {isa = PBXBuildFile; fileRef = 271BF6EF1CB003AD005144D6 /* SubjectCard.swift */; };
		271BF6F51CB01808005144D6 /* SubjectComm.swift in Sources */ = {isa = PBXBuildFile; fileRef = 271BF6F41CB01808005144D6 /* SubjectComm.swift */; };
		271BF6F71CB0198C005144D6 /* Comm.swift in Sources */ = {isa = PBXBuildFile; fileRef = 271BF6F61CB0198C005144D6 /* Comm.swift */; };
		273B06B51CF4B67000D74781 /* StatisticPageData.swift in Sources */ = {isa = PBXBuildFile; fileRef = 273B06B41CF4B67000D74781 /* StatisticPageData.swift */; };
		273B06B71CF4B76100D74781 /* VkGraph.swift in Sources */ = {isa = PBXBuildFile; fileRef = 273B06B61CF4B76100D74781 /* VkGraph.swift */; };
		273B0B4B1CAE6FA600454E94 /* AdminCellView.swift in Sources */ = {isa = PBXBuildFile; fileRef = 273B0B4A1CAE6FA600454E94 /* AdminCellView.swift */; };
		273B0B5B1CAF3CE400454E94 /* AdminCard.swift in Sources */ = {isa = PBXBuildFile; fileRef = 273B0B591CAF3CE400454E94 /* AdminCard.swift */; };
		274E7E361CB171BB0003DA19 /* Registration.swift in Sources */ = {isa = PBXBuildFile; fileRef = 274E7E351CB171BB0003DA19 /* Registration.swift */; };
		27581B911CCC09480012521F /* Profile.swift in Sources */ = {isa = PBXBuildFile; fileRef = 27581B901CCC09480012521F /* Profile.swift */; };
		275E558B1CB9366B003A60FD /* RegistrationSegue.swift in Sources */ = {isa = PBXBuildFile; fileRef = 275E558A1CB9366B003A60FD /* RegistrationSegue.swift */; };
		275E558D1CB93C90003A60FD /* Container.swift in Sources */ = {isa = PBXBuildFile; fileRef = 275E558C1CB93C90003A60FD /* Container.swift */; };
		27A62CF61CC2F6F500C0A634 /* StaCommData.swift in Sources */ = {isa = PBXBuildFile; fileRef = 27A62CF51CC2F6F500C0A634 /* StaCommData.swift */; };
		27ADFA531CB181AF00B4C308 /* SessionData.swift in Sources */ = {isa = PBXBuildFile; fileRef = 27ADFA521CB181AF00B4C308 /* SessionData.swift */; };
		27ADFA551CB1824400B4C308 /* Session.swift in Sources */ = {isa = PBXBuildFile; fileRef = 27ADFA541CB1824400B4C308 /* Session.swift */; };
		27ADFA571CB1834400B4C308 /* OwnerHubData.swift in Sources */ = {isa = PBXBuildFile; fileRef = 27ADFA561CB1834400B4C308 /* OwnerHubData.swift */; };
		27ADFA591CB18EDD00B4C308 /* OwnerHub.swift in Sources */ = {isa = PBXBuildFile; fileRef = 27ADFA581CB18EDD00B4C308 /* OwnerHub.swift */; };
		27ADFA5C1CB1940500B4C308 /* Log+CoreDataProperties.swift in Sources */ = {isa = PBXBuildFile; fileRef = 27ADFA5A1CB1940500B4C308 /* Log+CoreDataProperties.swift */; };
		27ADFA5D1CB1940500B4C308 /* Log.swift in Sources */ = {isa = PBXBuildFile; fileRef = 27ADFA5B1CB1940500B4C308 /* Log.swift */; };
		27B43FE11CB039A7000D9E98 /* CommCard.swift in Sources */ = {isa = PBXBuildFile; fileRef = 27B43FDF1CB039A7000D9E98 /* CommCard.swift */; };
		27B43FE41CB0567F000D9E98 /* CommDict.swift in Sources */ = {isa = PBXBuildFile; fileRef = 27B43FE31CB0567F000D9E98 /* CommDict.swift */; };
		27B43FE61CB06251000D9E98 /* CommCellView.swift in Sources */ = {isa = PBXBuildFile; fileRef = 27B43FE51CB06251000D9E98 /* CommCellView.swift */; };
		27B43FE81CB080F8000D9E98 /* SubjectCommData.swift in Sources */ = {isa = PBXBuildFile; fileRef = 27B43FE71CB080F8000D9E98 /* SubjectCommData.swift */; };
		27B43FEA1CB086C8000D9E98 /* AdminCommData.swift in Sources */ = {isa = PBXBuildFile; fileRef = 27B43FE91CB086C8000D9E98 /* AdminCommData.swift */; };
		27B43FEC1CB08733000D9E98 /* CommData.swift in Sources */ = {isa = PBXBuildFile; fileRef = 27B43FEB1CB08733000D9E98 /* CommData.swift */; };
		27DC777E1CD2AB990086342A /* Localizable.strings in Resources */ = {isa = PBXBuildFile; fileRef = 27DC777C1CD2AB990086342A /* Localizable.strings */; };
		27DC77811CD2ABCD0086342A /* Localizable.strings in Resources */ = {isa = PBXBuildFile; fileRef = 27DC777F1CD2ABCD0086342A /* Localizable.strings */; };
		27F0FC631CC26F5D0074582C /* CommCell.swift in Sources */ = {isa = PBXBuildFile; fileRef = 27F0FC621CC26F5D0074582C /* CommCell.swift */; };
		27F0FC651CC26F7B0074582C /* IncreaseCell.swift in Sources */ = {isa = PBXBuildFile; fileRef = 27F0FC641CC26F7B0074582C /* IncreaseCell.swift */; };
		27F0FC671CC26FC40074582C /* MetricCell.swift in Sources */ = {isa = PBXBuildFile; fileRef = 27F0FC661CC26FC40074582C /* MetricCell.swift */; };
		27F0FC691CC26FEE0074582C /* AdminCell.swift in Sources */ = {isa = PBXBuildFile; fileRef = 27F0FC681CC26FEE0074582C /* AdminCell.swift */; };
		27F0FC6B1CC286740074582C /* StatiscticRow.swift in Sources */ = {isa = PBXBuildFile; fileRef = 27F0FC6A1CC286740074582C /* StatiscticRow.swift */; };
		27F4A2721CBE881B00FB120E /* Extensions.swift in Sources */ = {isa = PBXBuildFile; fileRef = 27F4A2711CBE881B00FB120E /* Extensions.swift */; };
		6C98DF961F48299CF1567A30 /* Pods_CommHub.framework in Frameworks */ = {isa = PBXBuildFile; fileRef = 7C64B2B2E8CFBBDA2287F203 /* Pods_CommHub.framework */; };
		F33E719B1CCD2F03006B4CA4 /* Logout.swift in Sources */ = {isa = PBXBuildFile; fileRef = F33E719A1CCD2F03006B4CA4 /* Logout.swift */; };
/* End PBXBuildFile section */

/* Begin PBXContainerItemProxy section */
		271719E91CAD3C3900123816 /* PBXContainerItemProxy */ = {
			isa = PBXContainerItemProxy;
			containerPortal = 271719CC1CAD3C3900123816 /* Project object */;
			proxyType = 1;
			remoteGlobalIDString = 271719D31CAD3C3900123816;
			remoteInfo = CommHub;
		};
		271719F41CAD3C3900123816 /* PBXContainerItemProxy */ = {
			isa = PBXContainerItemProxy;
			containerPortal = 271719CC1CAD3C3900123816 /* Project object */;
			proxyType = 1;
			remoteGlobalIDString = 271719D31CAD3C3900123816;
			remoteInfo = CommHub;
		};
/* End PBXContainerItemProxy section */

/* Begin PBXFileReference section */
		2702C8261CB9675D0095EE74 /* ConfirmCode.swift */ = {isa = PBXFileReference; fileEncoding = 4; lastKnownFileType = sourcecode.swift; path = ConfirmCode.swift; sourceTree = "<group>"; };
		2702C82D1CB9ADB60095EE74 /* MainWindowController.swift */ = {isa = PBXFileReference; fileEncoding = 4; lastKnownFileType = sourcecode.swift; path = MainWindowController.swift; sourceTree = "<group>"; };
		270884941CBA999800780F07 /* StatisticsWindow.swift */ = {isa = PBXFileReference; fileEncoding = 4; lastKnownFileType = sourcecode.swift; path = StatisticsWindow.swift; sourceTree = "<group>"; };
		2710CD551CAD43DE00F46F7E /* Admins.swift */ = {isa = PBXFileReference; fileEncoding = 4; lastKnownFileType = sourcecode.swift; path = Admins.swift; sourceTree = "<group>"; };
		2710CD571CAD46E600F46F7E /* Icon.xcassets */ = {isa = PBXFileReference; lastKnownFileType = folder.assetcatalog; path = Icon.xcassets; sourceTree = "<group>"; };
		2710CD601CAD58B400F46F7E /* AdminComm.swift */ = {isa = PBXFileReference; fileEncoding = 4; lastKnownFileType = sourcecode.swift; path = AdminComm.swift; sourceTree = "<group>"; };
		271719D41CAD3C3900123816 /* CommHub.app */ = {isa = PBXFileReference; explicitFileType = wrapper.application; includeInIndex = 0; path = CommHub.app; sourceTree = BUILT_PRODUCTS_DIR; };
		271719D71CAD3C3900123816 /* AppDelegate.swift */ = {isa = PBXFileReference; lastKnownFileType = sourcecode.swift; path = AppDelegate.swift; sourceTree = "<group>"; };
		271719DC1CAD3C3900123816 /* CommHub.xcdatamodel */ = {isa = PBXFileReference; lastKnownFileType = wrapper.xcdatamodel; path = CommHub.xcdatamodel; sourceTree = "<group>"; };
		271719DE1CAD3C3900123816 /* Assets.xcassets */ = {isa = PBXFileReference; lastKnownFileType = folder.assetcatalog; path = Assets.xcassets; sourceTree = "<group>"; };
		271719E11CAD3C3900123816 /* Base */ = {isa = PBXFileReference; lastKnownFileType = file.storyboard; name = Base; path = Base.lproj/Main.storyboard; sourceTree = "<group>"; };
		271719E31CAD3C3900123816 /* Info.plist */ = {isa = PBXFileReference; lastKnownFileType = text.plist.xml; path = Info.plist; sourceTree = "<group>"; };
		271719E81CAD3C3900123816 /* CommHubTests.xctest */ = {isa = PBXFileReference; explicitFileType = wrapper.cfbundle; includeInIndex = 0; path = CommHubTests.xctest; sourceTree = BUILT_PRODUCTS_DIR; };
		271719EC1CAD3C3900123816 /* CommHubTests.swift */ = {isa = PBXFileReference; lastKnownFileType = sourcecode.swift; path = CommHubTests.swift; sourceTree = "<group>"; };
		271719EE1CAD3C3900123816 /* Info.plist */ = {isa = PBXFileReference; lastKnownFileType = text.plist.xml; path = Info.plist; sourceTree = "<group>"; };
		271719F31CAD3C3900123816 /* CommHubUITests.xctest */ = {isa = PBXFileReference; explicitFileType = wrapper.cfbundle; includeInIndex = 0; path = CommHubUITests.xctest; sourceTree = BUILT_PRODUCTS_DIR; };
		271719F71CAD3C3900123816 /* CommHubUITests.swift */ = {isa = PBXFileReference; lastKnownFileType = sourcecode.swift; path = CommHubUITests.swift; sourceTree = "<group>"; };
		271719F91CAD3C3900123816 /* Info.plist */ = {isa = PBXFileReference; lastKnownFileType = text.plist.xml; path = Info.plist; sourceTree = "<group>"; };
		2718F2591CE10A8C00FD64D5 /* StatisticPage.swift */ = {isa = PBXFileReference; fileEncoding = 4; lastKnownFileType = sourcecode.swift; path = StatisticPage.swift; sourceTree = "<group>"; };
		271BF6ED1CAFEF55005144D6 /* Subjects.swift */ = {isa = PBXFileReference; fileEncoding = 4; lastKnownFileType = sourcecode.swift; path = Subjects.swift; sourceTree = "<group>"; };
		271BF6EF1CB003AD005144D6 /* SubjectCard.swift */ = {isa = PBXFileReference; fileEncoding = 4; lastKnownFileType = sourcecode.swift; path = SubjectCard.swift; sourceTree = "<group>"; };
		271BF6F41CB01808005144D6 /* SubjectComm.swift */ = {isa = PBXFileReference; fileEncoding = 4; lastKnownFileType = sourcecode.swift; path = SubjectComm.swift; sourceTree = "<group>"; };
		271BF6F61CB0198C005144D6 /* Comm.swift */ = {isa = PBXFileReference; fileEncoding = 4; lastKnownFileType = sourcecode.swift; path = Comm.swift; sourceTree = "<group>"; };
		273B06B41CF4B67000D74781 /* StatisticPageData.swift */ = {isa = PBXFileReference; fileEncoding = 4; lastKnownFileType = sourcecode.swift; path = StatisticPageData.swift; sourceTree = "<group>"; };
		273B06B61CF4B76100D74781 /* VkGraph.swift */ = {isa = PBXFileReference; fileEncoding = 4; lastKnownFileType = sourcecode.swift; path = VkGraph.swift; sourceTree = "<group>"; };
		273B0B4A1CAE6FA600454E94 /* AdminCellView.swift */ = {isa = PBXFileReference; fileEncoding = 4; lastKnownFileType = sourcecode.swift; path = AdminCellView.swift; sourceTree = "<group>"; };
		273B0B591CAF3CE400454E94 /* AdminCard.swift */ = {isa = PBXFileReference; fileEncoding = 4; lastKnownFileType = sourcecode.swift; path = AdminCard.swift; sourceTree = "<group>"; };
		274E7E351CB171BB0003DA19 /* Registration.swift */ = {isa = PBXFileReference; fileEncoding = 4; lastKnownFileType = sourcecode.swift; path = Registration.swift; sourceTree = "<group>"; };
		27581B901CCC09480012521F /* Profile.swift */ = {isa = PBXFileReference; fileEncoding = 4; lastKnownFileType = sourcecode.swift; path = Profile.swift; sourceTree = "<group>"; };
		275E558A1CB9366B003A60FD /* RegistrationSegue.swift */ = {isa = PBXFileReference; fileEncoding = 4; lastKnownFileType = sourcecode.swift; path = RegistrationSegue.swift; sourceTree = "<group>"; };
		275E558C1CB93C90003A60FD /* Container.swift */ = {isa = PBXFileReference; fileEncoding = 4; lastKnownFileType = sourcecode.swift; path = Container.swift; sourceTree = "<group>"; };
		27A62CF51CC2F6F500C0A634 /* StaCommData.swift */ = {isa = PBXFileReference; fileEncoding = 4; lastKnownFileType = sourcecode.swift; path = StaCommData.swift; sourceTree = "<group>"; };
		27ADFA521CB181AF00B4C308 /* SessionData.swift */ = {isa = PBXFileReference; fileEncoding = 4; lastKnownFileType = sourcecode.swift; path = SessionData.swift; sourceTree = "<group>"; };
		27ADFA541CB1824400B4C308 /* Session.swift */ = {isa = PBXFileReference; fileEncoding = 4; lastKnownFileType = sourcecode.swift; path = Session.swift; sourceTree = "<group>"; };
		27ADFA561CB1834400B4C308 /* OwnerHubData.swift */ = {isa = PBXFileReference; fileEncoding = 4; lastKnownFileType = sourcecode.swift; path = OwnerHubData.swift; sourceTree = "<group>"; };
		27ADFA581CB18EDD00B4C308 /* OwnerHub.swift */ = {isa = PBXFileReference; fileEncoding = 4; lastKnownFileType = sourcecode.swift; path = OwnerHub.swift; sourceTree = "<group>"; };
		27ADFA5A1CB1940500B4C308 /* Log+CoreDataProperties.swift */ = {isa = PBXFileReference; fileEncoding = 4; lastKnownFileType = sourcecode.swift; path = "Log+CoreDataProperties.swift"; sourceTree = "<group>"; };
		27ADFA5B1CB1940500B4C308 /* Log.swift */ = {isa = PBXFileReference; fileEncoding = 4; lastKnownFileType = sourcecode.swift; path = Log.swift; sourceTree = "<group>"; };
		27B43FDF1CB039A7000D9E98 /* CommCard.swift */ = {isa = PBXFileReference; fileEncoding = 4; lastKnownFileType = sourcecode.swift; path = CommCard.swift; sourceTree = "<group>"; };
		27B43FE31CB0567F000D9E98 /* CommDict.swift */ = {isa = PBXFileReference; fileEncoding = 4; lastKnownFileType = sourcecode.swift; path = CommDict.swift; sourceTree = "<group>"; };
		27B43FE51CB06251000D9E98 /* CommCellView.swift */ = {isa = PBXFileReference; fileEncoding = 4; lastKnownFileType = sourcecode.swift; path = CommCellView.swift; sourceTree = "<group>"; };
		27B43FE71CB080F8000D9E98 /* SubjectCommData.swift */ = {isa = PBXFileReference; fileEncoding = 4; lastKnownFileType = sourcecode.swift; path = SubjectCommData.swift; sourceTree = "<group>"; };
		27B43FE91CB086C8000D9E98 /* AdminCommData.swift */ = {isa = PBXFileReference; fileEncoding = 4; lastKnownFileType = sourcecode.swift; path = AdminCommData.swift; sourceTree = "<group>"; };
		27B43FEB1CB08733000D9E98 /* CommData.swift */ = {isa = PBXFileReference; fileEncoding = 4; lastKnownFileType = sourcecode.swift; path = CommData.swift; sourceTree = "<group>"; };
		27DC77561CD28CC70086342A /* ru */ = {isa = PBXFileReference; lastKnownFileType = text.plist.strings; name = ru; path = ru.lproj/Main.strings; sourceTree = "<group>"; };
		27DC777D1CD2AB990086342A /* ru */ = {isa = PBXFileReference; lastKnownFileType = text.plist.strings; name = ru; path = CommHub/ru.lproj/Localizable.strings; sourceTree = "<group>"; };
		27DC77801CD2ABCD0086342A /* en */ = {isa = PBXFileReference; lastKnownFileType = text.plist.strings; name = en; path = CommHub/en.lproj/Localizable.strings; sourceTree = "<group>"; };
		27F0FC621CC26F5D0074582C /* CommCell.swift */ = {isa = PBXFileReference; fileEncoding = 4; lastKnownFileType = sourcecode.swift; path = CommCell.swift; sourceTree = "<group>"; };
		27F0FC641CC26F7B0074582C /* IncreaseCell.swift */ = {isa = PBXFileReference; fileEncoding = 4; lastKnownFileType = sourcecode.swift; path = IncreaseCell.swift; sourceTree = "<group>"; };
		27F0FC661CC26FC40074582C /* MetricCell.swift */ = {isa = PBXFileReference; fileEncoding = 4; lastKnownFileType = sourcecode.swift; path = MetricCell.swift; sourceTree = "<group>"; };
		27F0FC681CC26FEE0074582C /* AdminCell.swift */ = {isa = PBXFileReference; fileEncoding = 4; lastKnownFileType = sourcecode.swift; path = AdminCell.swift; sourceTree = "<group>"; };
		27F0FC6A1CC286740074582C /* StatiscticRow.swift */ = {isa = PBXFileReference; fileEncoding = 4; lastKnownFileType = sourcecode.swift; path = StatiscticRow.swift; sourceTree = "<group>"; };
		27F4A2711CBE881B00FB120E /* Extensions.swift */ = {isa = PBXFileReference; fileEncoding = 4; lastKnownFileType = sourcecode.swift; path = Extensions.swift; sourceTree = "<group>"; };
		39F4055C64EAB4D40A114FDE /* Pods-CommHub.debug.xcconfig */ = {isa = PBXFileReference; includeInIndex = 1; lastKnownFileType = text.xcconfig; name = "Pods-CommHub.debug.xcconfig"; path = "Pods/Target Support Files/Pods-CommHub/Pods-CommHub.debug.xcconfig"; sourceTree = "<group>"; };
		519448107465BF841BBE25A8 /* Pods-CommHub.release.xcconfig */ = {isa = PBXFileReference; includeInIndex = 1; lastKnownFileType = text.xcconfig; name = "Pods-CommHub.release.xcconfig"; path = "Pods/Target Support Files/Pods-CommHub/Pods-CommHub.release.xcconfig"; sourceTree = "<group>"; };
		7C64B2B2E8CFBBDA2287F203 /* Pods_CommHub.framework */ = {isa = PBXFileReference; explicitFileType = wrapper.framework; includeInIndex = 0; path = Pods_CommHub.framework; sourceTree = BUILT_PRODUCTS_DIR; };
		F33E719A1CCD2F03006B4CA4 /* Logout.swift */ = {isa = PBXFileReference; fileEncoding = 4; lastKnownFileType = sourcecode.swift; path = Logout.swift; sourceTree = "<group>"; };
		F696759C0ACC1A003AAEA508 /* Pods.framework */ = {isa = PBXFileReference; explicitFileType = wrapper.framework; includeInIndex = 0; path = Pods.framework; sourceTree = BUILT_PRODUCTS_DIR; };
/* End PBXFileReference section */

/* Begin PBXFrameworksBuildPhase section */
		271719D11CAD3C3900123816 /* Frameworks */ = {
			isa = PBXFrameworksBuildPhase;
			buildActionMask = 2147483647;
			files = (
				6C98DF961F48299CF1567A30 /* Pods_CommHub.framework in Frameworks */,
			);
			runOnlyForDeploymentPostprocessing = 0;
		};
		271719E51CAD3C3900123816 /* Frameworks */ = {
			isa = PBXFrameworksBuildPhase;
			buildActionMask = 2147483647;
			files = (
			);
			runOnlyForDeploymentPostprocessing = 0;
		};
		271719F01CAD3C3900123816 /* Frameworks */ = {
			isa = PBXFrameworksBuildPhase;
			buildActionMask = 2147483647;
			files = (
			);
			runOnlyForDeploymentPostprocessing = 0;
		};
/* End PBXFrameworksBuildPhase section */

/* Begin PBXGroup section */
		2702C82A1CB96A6D0095EE74 /* ViewControllers */ = {
			isa = PBXGroup;
			children = (
				27E94A1E1CD6929B00609DDE /* Statistics */,
				27581B921CCC3C860012521F /* Profile */,
				273B0B4C1CAE6FB500454E94 /* Admins */,
				271BF6EC1CAFEEEB005144D6 /* Subjects */,
				271BF6F31CB0135F005144D6 /* Communities */,
				274E7E371CB179010003DA19 /* Registration */,
				27E94A1F1CD692B100609DDE /* Logout */,
			);
			name = ViewControllers;
			sourceTree = "<group>";
		};
		2702C82B1CB96B400095EE74 /* Classes */ = {
			isa = PBXGroup;
			children = (
				27ADFA541CB1824400B4C308 /* Session.swift */,
				27ADFA581CB18EDD00B4C308 /* OwnerHub.swift */,
				2710CD601CAD58B400F46F7E /* AdminComm.swift */,
				271BF6F41CB01808005144D6 /* SubjectComm.swift */,
				271BF6F61CB0198C005144D6 /* Comm.swift */,
				27F0FC6A1CC286740074582C /* StatiscticRow.swift */,
				273B06B61CF4B76100D74781 /* VkGraph.swift */,
				27F4A2711CBE881B00FB120E /* Extensions.swift */,
			);
			name = Classes;
			sourceTree = "<group>";
		};
		2702C82C1CB96BFD0095EE74 /* CellView */ = {
			isa = PBXGroup;
			children = (
				27F0FC611CC26F110074582C /* Statistics Cell */,
				273B0B4A1CAE6FA600454E94 /* AdminCellView.swift */,
				27B43FE51CB06251000D9E98 /* CommCellView.swift */,
			);
			name = CellView;
			sourceTree = "<group>";
		};
		271719CB1CAD3C3900123816 = {
			isa = PBXGroup;
			children = (
				271719D61CAD3C3900123816 /* CommHub */,
				27DC775E1CD296D10086342A /* Localization */,
				271719EB1CAD3C3900123816 /* CommHubTests */,
				271719F61CAD3C3900123816 /* CommHubUITests */,
				271719D51CAD3C3900123816 /* Products */,
				CBFCE4EAA70AD3B8A5F33887 /* Frameworks */,
				617BCEDBCBF6D5047F3A4091 /* Pods */,
			);
			sourceTree = "<group>";
		};
		271719D51CAD3C3900123816 /* Products */ = {
			isa = PBXGroup;
			children = (
				271719D41CAD3C3900123816 /* CommHub.app */,
				271719E81CAD3C3900123816 /* CommHubTests.xctest */,
				271719F31CAD3C3900123816 /* CommHubUITests.xctest */,
			);
			name = Products;
			sourceTree = "<group>";
		};
		271719D61CAD3C3900123816 /* CommHub */ = {
			isa = PBXGroup;
			children = (
				271719E01CAD3C3900123816 /* Main.storyboard */,
				271719D71CAD3C3900123816 /* AppDelegate.swift */,
				2702C82D1CB9ADB60095EE74 /* MainWindowController.swift */,
				2702C82A1CB96A6D0095EE74 /* ViewControllers */,
				2702C82C1CB96BFD0095EE74 /* CellView */,
				2702C82B1CB96B400095EE74 /* Classes */,
				27171A051CAD3C5300123816 /* CoreData */,
				274E7E341CB165950003DA19 /* Data */,
				27171A061CAD3C7800123816 /* SupportingFiles */,
			);
			path = CommHub;
			sourceTree = "<group>";
		};
		271719EB1CAD3C3900123816 /* CommHubTests */ = {
			isa = PBXGroup;
			children = (
				271719EC1CAD3C3900123816 /* CommHubTests.swift */,
				271719EE1CAD3C3900123816 /* Info.plist */,
			);
			path = CommHubTests;
			sourceTree = "<group>";
		};
		271719F61CAD3C3900123816 /* CommHubUITests */ = {
			isa = PBXGroup;
			children = (
				271719F71CAD3C3900123816 /* CommHubUITests.swift */,
				271719F91CAD3C3900123816 /* Info.plist */,
			);
			path = CommHubUITests;
			sourceTree = "<group>";
		};
		27171A051CAD3C5300123816 /* CoreData */ = {
			isa = PBXGroup;
			children = (
				271719DB1CAD3C3900123816 /* CommHub.xcdatamodeld */,
				27ADFA5A1CB1940500B4C308 /* Log+CoreDataProperties.swift */,
				27ADFA5B1CB1940500B4C308 /* Log.swift */,
			);
			name = CoreData;
			sourceTree = "<group>";
		};
		27171A061CAD3C7800123816 /* SupportingFiles */ = {
			isa = PBXGroup;
			children = (
				271719DE1CAD3C3900123816 /* Assets.xcassets */,
				2710CD571CAD46E600F46F7E /* Icon.xcassets */,
				271719E31CAD3C3900123816 /* Info.plist */,
			);
			name = SupportingFiles;
			sourceTree = "<group>";
		};
		271BF6EC1CAFEEEB005144D6 /* Subjects */ = {
			isa = PBXGroup;
			children = (
				271BF6ED1CAFEF55005144D6 /* Subjects.swift */,
				271BF6EF1CB003AD005144D6 /* SubjectCard.swift */,
			);
			name = Subjects;
			sourceTree = "<group>";
		};
		271BF6F31CB0135F005144D6 /* Communities */ = {
			isa = PBXGroup;
			children = (
				27B43FE31CB0567F000D9E98 /* CommDict.swift */,
				27B43FDF1CB039A7000D9E98 /* CommCard.swift */,
			);
			name = Communities;
			sourceTree = "<group>";
		};
		273B0B4C1CAE6FB500454E94 /* Admins */ = {
			isa = PBXGroup;
			children = (
				2710CD551CAD43DE00F46F7E /* Admins.swift */,
				273B0B591CAF3CE400454E94 /* AdminCard.swift */,
			);
			name = Admins;
			sourceTree = "<group>";
		};
		274E7E341CB165950003DA19 /* Data */ = {
			isa = PBXGroup;
			children = (
				27B43FE91CB086C8000D9E98 /* AdminCommData.swift */,
				27B43FEB1CB08733000D9E98 /* CommData.swift */,
				27ADFA561CB1834400B4C308 /* OwnerHubData.swift */,
				27ADFA521CB181AF00B4C308 /* SessionData.swift */,
				27B43FE71CB080F8000D9E98 /* SubjectCommData.swift */,
				27A62CF51CC2F6F500C0A634 /* StaCommData.swift */,
				273B06B41CF4B67000D74781 /* StatisticPageData.swift */,
			);
			name = Data;
			sourceTree = "<group>";
		};
		274E7E371CB179010003DA19 /* Registration */ = {
			isa = PBXGroup;
			children = (
				275E558C1CB93C90003A60FD /* Container.swift */,
				274E7E351CB171BB0003DA19 /* Registration.swift */,
				2702C8261CB9675D0095EE74 /* ConfirmCode.swift */,
				275E55891CB935F9003A60FD /* CustomSegue */,
			);
			name = Registration;
			sourceTree = "<group>";
		};
		27581B921CCC3C860012521F /* Profile */ = {
			isa = PBXGroup;
			children = (
				27581B901CCC09480012521F /* Profile.swift */,
			);
			name = Profile;
			sourceTree = "<group>";
		};
		275E55891CB935F9003A60FD /* CustomSegue */ = {
			isa = PBXGroup;
			children = (
				275E558A1CB9366B003A60FD /* RegistrationSegue.swift */,
			);
			name = CustomSegue;
			sourceTree = "<group>";
		};
		27DC775E1CD296D10086342A /* Localization */ = {
			isa = PBXGroup;
			children = (
				27DC77601CD2970B0086342A /* ru.lproj */,
				27DC775F1CD296EA0086342A /* en.lproj */,
			);
			name = Localization;
			sourceTree = "<group>";
		};
		27DC775F1CD296EA0086342A /* en.lproj */ = {
			isa = PBXGroup;
			children = (
				27DC777F1CD2ABCD0086342A /* Localizable.strings */,
			);
			name = en.lproj;
			sourceTree = "<group>";
		};
		27DC77601CD2970B0086342A /* ru.lproj */ = {
			isa = PBXGroup;
			children = (
				27DC777C1CD2AB990086342A /* Localizable.strings */,
			);
			name = ru.lproj;
			sourceTree = "<group>";
		};
		27E94A1E1CD6929B00609DDE /* Statistics */ = {
			isa = PBXGroup;
			children = (
				270884941CBA999800780F07 /* StatisticsWindow.swift */,
				2718F2591CE10A8C00FD64D5 /* StatisticPage.swift */,
			);
			name = Statistics;
			sourceTree = "<group>";
		};
		27E94A1F1CD692B100609DDE /* Logout */ = {
			isa = PBXGroup;
			children = (
				F33E719A1CCD2F03006B4CA4 /* Logout.swift */,
			);
			name = Logout;
			sourceTree = "<group>";
		};
		27F0FC611CC26F110074582C /* Statistics Cell */ = {
			isa = PBXGroup;
			children = (
				27F0FC621CC26F5D0074582C /* CommCell.swift */,
				27F0FC641CC26F7B0074582C /* IncreaseCell.swift */,
				27F0FC661CC26FC40074582C /* MetricCell.swift */,
				27F0FC681CC26FEE0074582C /* AdminCell.swift */,
			);
			name = "Statistics Cell";
			sourceTree = "<group>";
		};
		617BCEDBCBF6D5047F3A4091 /* Pods */ = {
			isa = PBXGroup;
			children = (
				39F4055C64EAB4D40A114FDE /* Pods-CommHub.debug.xcconfig */,
				519448107465BF841BBE25A8 /* Pods-CommHub.release.xcconfig */,
			);
			name = Pods;
			sourceTree = "<group>";
		};
		CBFCE4EAA70AD3B8A5F33887 /* Frameworks */ = {
			isa = PBXGroup;
			children = (
				F696759C0ACC1A003AAEA508 /* Pods.framework */,
				7C64B2B2E8CFBBDA2287F203 /* Pods_CommHub.framework */,
			);
			name = Frameworks;
			sourceTree = "<group>";
		};
/* End PBXGroup section */

/* Begin PBXNativeTarget section */
		271719D31CAD3C3900123816 /* CommHub */ = {
			isa = PBXNativeTarget;
			buildConfigurationList = 271719FC1CAD3C3900123816 /* Build configuration list for PBXNativeTarget "CommHub" */;
			buildPhases = (
				4AAD6237E3741D2F23AAB815 /* 📦 Check Pods Manifest.lock */,
				271719D01CAD3C3900123816 /* Sources */,
				271719D11CAD3C3900123816 /* Frameworks */,
				271719D21CAD3C3900123816 /* Resources */,
				0E40D64DCEFE94404EF1D13C /* 📦 Embed Pods Frameworks */,
				06B3307C090620D8924C524F /* 📦 Copy Pods Resources */,
			);
			buildRules = (
			);
			dependencies = (
			);
			name = CommHub;
			productName = CommHub;
			productReference = 271719D41CAD3C3900123816 /* CommHub.app */;
			productType = "com.apple.product-type.application";
		};
		271719E71CAD3C3900123816 /* CommHubTests */ = {
			isa = PBXNativeTarget;
			buildConfigurationList = 271719FF1CAD3C3900123816 /* Build configuration list for PBXNativeTarget "CommHubTests" */;
			buildPhases = (
				271719E41CAD3C3900123816 /* Sources */,
				271719E51CAD3C3900123816 /* Frameworks */,
				271719E61CAD3C3900123816 /* Resources */,
			);
			buildRules = (
			);
			dependencies = (
				271719EA1CAD3C3900123816 /* PBXTargetDependency */,
			);
			name = CommHubTests;
			productName = CommHubTests;
			productReference = 271719E81CAD3C3900123816 /* CommHubTests.xctest */;
			productType = "com.apple.product-type.bundle.unit-test";
		};
		271719F21CAD3C3900123816 /* CommHubUITests */ = {
			isa = PBXNativeTarget;
			buildConfigurationList = 27171A021CAD3C3900123816 /* Build configuration list for PBXNativeTarget "CommHubUITests" */;
			buildPhases = (
				271719EF1CAD3C3900123816 /* Sources */,
				271719F01CAD3C3900123816 /* Frameworks */,
				271719F11CAD3C3900123816 /* Resources */,
			);
			buildRules = (
			);
			dependencies = (
				271719F51CAD3C3900123816 /* PBXTargetDependency */,
			);
			name = CommHubUITests;
			productName = CommHubUITests;
			productReference = 271719F31CAD3C3900123816 /* CommHubUITests.xctest */;
			productType = "com.apple.product-type.bundle.ui-testing";
		};
/* End PBXNativeTarget section */

/* Begin PBXProject section */
		271719CC1CAD3C3900123816 /* Project object */ = {
			isa = PBXProject;
			attributes = {
				LastSwiftUpdateCheck = 0730;
				LastUpgradeCheck = 0730;
				ORGANIZATIONNAME = "Andrew Dzhur";
				TargetAttributes = {
					271719D31CAD3C3900123816 = {
						CreatedOnToolsVersion = 7.3;
						DevelopmentTeam = 4R2M8FE9U7;
					};
					271719E71CAD3C3900123816 = {
						CreatedOnToolsVersion = 7.3;
						TestTargetID = 271719D31CAD3C3900123816;
					};
					271719F21CAD3C3900123816 = {
						CreatedOnToolsVersion = 7.3;
						TestTargetID = 271719D31CAD3C3900123816;
					};
				};
			};
			buildConfigurationList = 271719CF1CAD3C3900123816 /* Build configuration list for PBXProject "CommHub" */;
			compatibilityVersion = "Xcode 3.2";
			developmentRegion = English;
			hasScannedForEncodings = 0;
			knownRegions = (
				en,
				Base,
				ru,
			);
			mainGroup = 271719CB1CAD3C3900123816;
			productRefGroup = 271719D51CAD3C3900123816 /* Products */;
			projectDirPath = "";
			projectRoot = "";
			targets = (
				271719D31CAD3C3900123816 /* CommHub */,
				271719E71CAD3C3900123816 /* CommHubTests */,
				271719F21CAD3C3900123816 /* CommHubUITests */,
			);
		};
/* End PBXProject section */

/* Begin PBXResourcesBuildPhase section */
		271719D21CAD3C3900123816 /* Resources */ = {
			isa = PBXResourcesBuildPhase;
			buildActionMask = 2147483647;
			files = (
				2710CD581CAD46E600F46F7E /* Icon.xcassets in Resources */,
				27DC77811CD2ABCD0086342A /* Localizable.strings in Resources */,
				27DC777E1CD2AB990086342A /* Localizable.strings in Resources */,
				271719DF1CAD3C3900123816 /* Assets.xcassets in Resources */,
				271719E21CAD3C3900123816 /* Main.storyboard in Resources */,
			);
			runOnlyForDeploymentPostprocessing = 0;
		};
		271719E61CAD3C3900123816 /* Resources */ = {
			isa = PBXResourcesBuildPhase;
			buildActionMask = 2147483647;
			files = (
			);
			runOnlyForDeploymentPostprocessing = 0;
		};
		271719F11CAD3C3900123816 /* Resources */ = {
			isa = PBXResourcesBuildPhase;
			buildActionMask = 2147483647;
			files = (
			);
			runOnlyForDeploymentPostprocessing = 0;
		};
/* End PBXResourcesBuildPhase section */

/* Begin PBXShellScriptBuildPhase section */
		06B3307C090620D8924C524F /* 📦 Copy Pods Resources */ = {
			isa = PBXShellScriptBuildPhase;
			buildActionMask = 12;
			files = (
			);
			inputPaths = (
			);
			name = "📦 Copy Pods Resources";
			outputPaths = (
			);
			runOnlyForDeploymentPostprocessing = 0;
			shellPath = /bin/sh;
			shellScript = "\"${SRCROOT}/Pods/Target Support Files/Pods-CommHub/Pods-CommHub-resources.sh\"\n";
			showEnvVarsInLog = 0;
		};
		0E40D64DCEFE94404EF1D13C /* 📦 Embed Pods Frameworks */ = {
			isa = PBXShellScriptBuildPhase;
			buildActionMask = 12;
			files = (
			);
			inputPaths = (
			);
			name = "📦 Embed Pods Frameworks";
			outputPaths = (
			);
			runOnlyForDeploymentPostprocessing = 0;
			shellPath = /bin/sh;
			shellScript = "\"${SRCROOT}/Pods/Target Support Files/Pods-CommHub/Pods-CommHub-frameworks.sh\"\n";
			showEnvVarsInLog = 0;
		};
		4AAD6237E3741D2F23AAB815 /* 📦 Check Pods Manifest.lock */ = {
			isa = PBXShellScriptBuildPhase;
			buildActionMask = 12;
			files = (
			);
			inputPaths = (
			);
			name = "📦 Check Pods Manifest.lock";
			outputPaths = (
			);
			runOnlyForDeploymentPostprocessing = 0;
			shellPath = /bin/sh;
			shellScript = "diff \"${PODS_ROOT}/../Podfile.lock\" \"${PODS_ROOT}/Manifest.lock\" > /dev/null\nif [[ $? != 0 ]] ; then\n    cat << EOM\nerror: The sandbox is not in sync with the Podfile.lock. Run 'pod install' or update your CocoaPods installation.\nEOM\n    exit 1\nfi\n";
			showEnvVarsInLog = 0;
		};
/* End PBXShellScriptBuildPhase section */

/* Begin PBXSourcesBuildPhase section */
		271719D01CAD3C3900123816 /* Sources */ = {
			isa = PBXSourcesBuildPhase;
			buildActionMask = 2147483647;
			files = (
				270884951CBA999800780F07 /* StatisticsWindow.swift in Sources */,
				2710CD611CAD58B400F46F7E /* AdminComm.swift in Sources */,
				27ADFA5D1CB1940500B4C308 /* Log.swift in Sources */,
				27ADFA571CB1834400B4C308 /* OwnerHubData.swift in Sources */,
				F33E719B1CCD2F03006B4CA4 /* Logout.swift in Sources */,
				27F0FC6B1CC286740074582C /* StatiscticRow.swift in Sources */,
				27F0FC631CC26F5D0074582C /* CommCell.swift in Sources */,
				2718F25A1CE10A8C00FD64D5 /* StatisticPage.swift in Sources */,
				2710CD561CAD43DE00F46F7E /* Admins.swift in Sources */,
				271719DD1CAD3C3900123816 /* CommHub.xcdatamodeld in Sources */,
				27A62CF61CC2F6F500C0A634 /* StaCommData.swift in Sources */,
				273B0B4B1CAE6FA600454E94 /* AdminCellView.swift in Sources */,
				271719D81CAD3C3900123816 /* AppDelegate.swift in Sources */,
				2702C82E1CB9ADB60095EE74 /* MainWindowController.swift in Sources */,
				271BF6F71CB0198C005144D6 /* Comm.swift in Sources */,
				27B43FE81CB080F8000D9E98 /* SubjectCommData.swift in Sources */,
				273B0B5B1CAF3CE400454E94 /* AdminCard.swift in Sources */,
				27F4A2721CBE881B00FB120E /* Extensions.swift in Sources */,
				27F0FC691CC26FEE0074582C /* AdminCell.swift in Sources */,
				273B06B51CF4B67000D74781 /* StatisticPageData.swift in Sources */,
				274E7E361CB171BB0003DA19 /* Registration.swift in Sources */,
				27ADFA5C1CB1940500B4C308 /* Log+CoreDataProperties.swift in Sources */,
				2702C8281CB9675D0095EE74 /* ConfirmCode.swift in Sources */,
				271BF6F11CB003AD005144D6 /* SubjectCard.swift in Sources */,
				27581B911CCC09480012521F /* Profile.swift in Sources */,
				27ADFA531CB181AF00B4C308 /* SessionData.swift in Sources */,
				27ADFA551CB1824400B4C308 /* Session.swift in Sources */,
				271BF6F51CB01808005144D6 /* SubjectComm.swift in Sources */,
				27B43FE61CB06251000D9E98 /* CommCellView.swift in Sources */,
				271BF6EE1CAFEF55005144D6 /* Subjects.swift in Sources */,
				27B43FE41CB0567F000D9E98 /* CommDict.swift in Sources */,
				27B43FEC1CB08733000D9E98 /* CommData.swift in Sources */,
				27B43FE11CB039A7000D9E98 /* CommCard.swift in Sources */,
				27ADFA591CB18EDD00B4C308 /* OwnerHub.swift in Sources */,
				27F0FC671CC26FC40074582C /* MetricCell.swift in Sources */,
				273B06B71CF4B76100D74781 /* VkGraph.swift in Sources */,
				275E558D1CB93C90003A60FD /* Container.swift in Sources */,
				275E558B1CB9366B003A60FD /* RegistrationSegue.swift in Sources */,
				27B43FEA1CB086C8000D9E98 /* AdminCommData.swift in Sources */,
				27F0FC651CC26F7B0074582C /* IncreaseCell.swift in Sources */,
			);
			runOnlyForDeploymentPostprocessing = 0;
		};
		271719E41CAD3C3900123816 /* Sources */ = {
			isa = PBXSourcesBuildPhase;
			buildActionMask = 2147483647;
			files = (
				271719ED1CAD3C3900123816 /* CommHubTests.swift in Sources */,
			);
			runOnlyForDeploymentPostprocessing = 0;
		};
		271719EF1CAD3C3900123816 /* Sources */ = {
			isa = PBXSourcesBuildPhase;
			buildActionMask = 2147483647;
			files = (
				271719F81CAD3C3900123816 /* CommHubUITests.swift in Sources */,
			);
			runOnlyForDeploymentPostprocessing = 0;
		};
/* End PBXSourcesBuildPhase section */

/* Begin PBXTargetDependency section */
		271719EA1CAD3C3900123816 /* PBXTargetDependency */ = {
			isa = PBXTargetDependency;
			target = 271719D31CAD3C3900123816 /* CommHub */;
			targetProxy = 271719E91CAD3C3900123816 /* PBXContainerItemProxy */;
		};
		271719F51CAD3C3900123816 /* PBXTargetDependency */ = {
			isa = PBXTargetDependency;
			target = 271719D31CAD3C3900123816 /* CommHub */;
			targetProxy = 271719F41CAD3C3900123816 /* PBXContainerItemProxy */;
		};
/* End PBXTargetDependency section */

/* Begin PBXVariantGroup section */
		271719E01CAD3C3900123816 /* Main.storyboard */ = {
			isa = PBXVariantGroup;
			children = (
				271719E11CAD3C3900123816 /* Base */,
				27DC77561CD28CC70086342A /* ru */,
			);
			name = Main.storyboard;
			sourceTree = "<group>";
		};
		27DC777C1CD2AB990086342A /* Localizable.strings */ = {
			isa = PBXVariantGroup;
			children = (
				27DC777D1CD2AB990086342A /* ru */,
			);
			name = Localizable.strings;
			sourceTree = "<group>";
		};
		27DC777F1CD2ABCD0086342A /* Localizable.strings */ = {
			isa = PBXVariantGroup;
			children = (
				27DC77801CD2ABCD0086342A /* en */,
			);
			name = Localizable.strings;
			sourceTree = "<group>";
		};
/* End PBXVariantGroup section */

/* Begin XCBuildConfiguration section */
		271719FA1CAD3C3900123816 /* Debug */ = {
			isa = XCBuildConfiguration;
			buildSettings = {
				ALWAYS_SEARCH_USER_PATHS = NO;
				CLANG_ANALYZER_NONNULL = YES;
				CLANG_CXX_LANGUAGE_STANDARD = "gnu++0x";
				CLANG_CXX_LIBRARY = "libc++";
				CLANG_ENABLE_MODULES = YES;
				CLANG_ENABLE_OBJC_ARC = YES;
				CLANG_WARN_BOOL_CONVERSION = YES;
				CLANG_WARN_CONSTANT_CONVERSION = YES;
				CLANG_WARN_DIRECT_OBJC_ISA_USAGE = YES_ERROR;
				CLANG_WARN_EMPTY_BODY = YES;
				CLANG_WARN_ENUM_CONVERSION = YES;
				CLANG_WARN_INT_CONVERSION = YES;
				CLANG_WARN_OBJC_ROOT_CLASS = YES_ERROR;
				CLANG_WARN_UNREACHABLE_CODE = YES;
				CLANG_WARN__DUPLICATE_METHOD_MATCH = YES;
				CODE_SIGN_IDENTITY = "-";
				COPY_PHASE_STRIP = NO;
				DEBUG_INFORMATION_FORMAT = dwarf;
				ENABLE_STRICT_OBJC_MSGSEND = YES;
				ENABLE_TESTABILITY = YES;
				GCC_C_LANGUAGE_STANDARD = gnu99;
				GCC_DYNAMIC_NO_PIC = NO;
				GCC_NO_COMMON_BLOCKS = YES;
				GCC_OPTIMIZATION_LEVEL = 0;
				GCC_PREPROCESSOR_DEFINITIONS = (
					"DEBUG=1",
					"$(inherited)",
				);
				GCC_WARN_64_TO_32_BIT_CONVERSION = YES;
				GCC_WARN_ABOUT_RETURN_TYPE = YES_ERROR;
				GCC_WARN_UNDECLARED_SELECTOR = YES;
				GCC_WARN_UNINITIALIZED_AUTOS = YES_AGGRESSIVE;
				GCC_WARN_UNUSED_FUNCTION = YES;
				GCC_WARN_UNUSED_VARIABLE = YES;
				MACOSX_DEPLOYMENT_TARGET = 10.11;
				MTL_ENABLE_DEBUG_INFO = YES;
				ONLY_ACTIVE_ARCH = YES;
				SDKROOT = macosx;
				SWIFT_OPTIMIZATION_LEVEL = "-Onone";
			};
			name = Debug;
		};
		271719FB1CAD3C3900123816 /* Release */ = {
			isa = XCBuildConfiguration;
			buildSettings = {
				ALWAYS_SEARCH_USER_PATHS = NO;
				CLANG_ANALYZER_NONNULL = YES;
				CLANG_CXX_LANGUAGE_STANDARD = "gnu++0x";
				CLANG_CXX_LIBRARY = "libc++";
				CLANG_ENABLE_MODULES = YES;
				CLANG_ENABLE_OBJC_ARC = YES;
				CLANG_WARN_BOOL_CONVERSION = YES;
				CLANG_WARN_CONSTANT_CONVERSION = YES;
				CLANG_WARN_DIRECT_OBJC_ISA_USAGE = YES_ERROR;
				CLANG_WARN_EMPTY_BODY = YES;
				CLANG_WARN_ENUM_CONVERSION = YES;
				CLANG_WARN_INT_CONVERSION = YES;
				CLANG_WARN_OBJC_ROOT_CLASS = YES_ERROR;
				CLANG_WARN_UNREACHABLE_CODE = YES;
				CLANG_WARN__DUPLICATE_METHOD_MATCH = YES;
				CODE_SIGN_IDENTITY = "-";
				COPY_PHASE_STRIP = NO;
				DEBUG_INFORMATION_FORMAT = "dwarf-with-dsym";
				ENABLE_NS_ASSERTIONS = NO;
				ENABLE_STRICT_OBJC_MSGSEND = YES;
				GCC_C_LANGUAGE_STANDARD = gnu99;
				GCC_NO_COMMON_BLOCKS = YES;
				GCC_WARN_64_TO_32_BIT_CONVERSION = YES;
				GCC_WARN_ABOUT_RETURN_TYPE = YES_ERROR;
				GCC_WARN_UNDECLARED_SELECTOR = YES;
				GCC_WARN_UNINITIALIZED_AUTOS = YES_AGGRESSIVE;
				GCC_WARN_UNUSED_FUNCTION = YES;
				GCC_WARN_UNUSED_VARIABLE = YES;
				MACOSX_DEPLOYMENT_TARGET = 10.11;
				MTL_ENABLE_DEBUG_INFO = NO;
				SDKROOT = macosx;
			};
			name = Release;
		};
		271719FD1CAD3C3900123816 /* Debug */ = {
			isa = XCBuildConfiguration;
			baseConfigurationReference = 39F4055C64EAB4D40A114FDE /* Pods-CommHub.debug.xcconfig */;
			buildSettings = {
				ASSETCATALOG_COMPILER_APPICON_NAME = AppIcon;
				CODE_SIGN_IDENTITY = "Mac Developer";
				"CODE_SIGN_IDENTITY[sdk=macosx*]" = "Mac Developer";
				COMBINE_HIDPI_IMAGES = YES;
				INFOPLIST_FILE = CommHub/Info.plist;
				LD_RUNPATH_SEARCH_PATHS = "$(inherited) @executable_path/../Frameworks";
				MACOSX_DEPLOYMENT_TARGET = 10.10;
				PRODUCT_BUNDLE_IDENTIFIER = Tectonics.CommHub;
				PRODUCT_NAME = "$(TARGET_NAME)";
				PROVISIONING_PROFILE = "";
			};
			name = Debug;
		};
		271719FE1CAD3C3900123816 /* Release */ = {
			isa = XCBuildConfiguration;
			baseConfigurationReference = 519448107465BF841BBE25A8 /* Pods-CommHub.release.xcconfig */;
			buildSettings = {
				ASSETCATALOG_COMPILER_APPICON_NAME = AppIcon;
				CODE_SIGN_IDENTITY = "Mac Developer";
				"CODE_SIGN_IDENTITY[sdk=macosx*]" = "Mac Developer";
				COMBINE_HIDPI_IMAGES = YES;
				INFOPLIST_FILE = CommHub/Info.plist;
				LD_RUNPATH_SEARCH_PATHS = "$(inherited) @executable_path/../Frameworks";
				MACOSX_DEPLOYMENT_TARGET = 10.10;
				PRODUCT_BUNDLE_IDENTIFIER = Tectonics.CommHub;
				PRODUCT_NAME = "$(TARGET_NAME)";
				PROVISIONING_PROFILE = "";
			};
			name = Release;
		};
		27171A001CAD3C3900123816 /* Debug */ = {
			isa = XCBuildConfiguration;
			buildSettings = {
				BUNDLE_LOADER = "$(TEST_HOST)";
				COMBINE_HIDPI_IMAGES = YES;
				INFOPLIST_FILE = CommHubTests/Info.plist;
				LD_RUNPATH_SEARCH_PATHS = "$(inherited) @executable_path/../Frameworks @loader_path/../Frameworks";
				PRODUCT_BUNDLE_IDENTIFIER = Tectonics.CommHubTests;
				PRODUCT_NAME = "$(TARGET_NAME)";
				TEST_HOST = "$(BUILT_PRODUCTS_DIR)/CommHub.app/Contents/MacOS/CommHub";
			};
			name = Debug;
		};
		27171A011CAD3C3900123816 /* Release */ = {
			isa = XCBuildConfiguration;
			buildSettings = {
				BUNDLE_LOADER = "$(TEST_HOST)";
				COMBINE_HIDPI_IMAGES = YES;
				INFOPLIST_FILE = CommHubTests/Info.plist;
				LD_RUNPATH_SEARCH_PATHS = "$(inherited) @executable_path/../Frameworks @loader_path/../Frameworks";
				PRODUCT_BUNDLE_IDENTIFIER = Tectonics.CommHubTests;
				PRODUCT_NAME = "$(TARGET_NAME)";
				TEST_HOST = "$(BUILT_PRODUCTS_DIR)/CommHub.app/Contents/MacOS/CommHub";
			};
			name = Release;
		};
		27171A031CAD3C3900123816 /* Debug */ = {
			isa = XCBuildConfiguration;
			buildSettings = {
				COMBINE_HIDPI_IMAGES = YES;
				INFOPLIST_FILE = CommHubUITests/Info.plist;
				LD_RUNPATH_SEARCH_PATHS = "$(inherited) @executable_path/../Frameworks @loader_path/../Frameworks";
				PRODUCT_BUNDLE_IDENTIFIER = Tectonics.CommHubUITests;
				PRODUCT_NAME = "$(TARGET_NAME)";
				TEST_TARGET_NAME = CommHub;
			};
			name = Debug;
		};
		27171A041CAD3C3900123816 /* Release */ = {
			isa = XCBuildConfiguration;
			buildSettings = {
				COMBINE_HIDPI_IMAGES = YES;
				INFOPLIST_FILE = CommHubUITests/Info.plist;
				LD_RUNPATH_SEARCH_PATHS = "$(inherited) @executable_path/../Frameworks @loader_path/../Frameworks";
				PRODUCT_BUNDLE_IDENTIFIER = Tectonics.CommHubUITests;
				PRODUCT_NAME = "$(TARGET_NAME)";
				TEST_TARGET_NAME = CommHub;
			};
			name = Release;
		};
/* End XCBuildConfiguration section */

/* Begin XCConfigurationList section */
		271719CF1CAD3C3900123816 /* Build configuration list for PBXProject "CommHub" */ = {
			isa = XCConfigurationList;
			buildConfigurations = (
				271719FA1CAD3C3900123816 /* Debug */,
				271719FB1CAD3C3900123816 /* Release */,
			);
			defaultConfigurationIsVisible = 0;
			defaultConfigurationName = Release;
		};
		271719FC1CAD3C3900123816 /* Build configuration list for PBXNativeTarget "CommHub" */ = {
			isa = XCConfigurationList;
			buildConfigurations = (
				271719FD1CAD3C3900123816 /* Debug */,
				271719FE1CAD3C3900123816 /* Release */,
			);
			defaultConfigurationIsVisible = 0;
			defaultConfigurationName = Release;
		};
		271719FF1CAD3C3900123816 /* Build configuration list for PBXNativeTarget "CommHubTests" */ = {
			isa = XCConfigurationList;
			buildConfigurations = (
				27171A001CAD3C3900123816 /* Debug */,
				27171A011CAD3C3900123816 /* Release */,
			);
			defaultConfigurationIsVisible = 0;
			defaultConfigurationName = Release;
		};
		27171A021CAD3C3900123816 /* Build configuration list for PBXNativeTarget "CommHubUITests" */ = {
			isa = XCConfigurationList;
			buildConfigurations = (
				27171A031CAD3C3900123816 /* Debug */,
				27171A041CAD3C3900123816 /* Release */,
			);
			defaultConfigurationIsVisible = 0;
			defaultConfigurationName = Release;
		};
/* End XCConfigurationList section */

/* Begin XCVersionGroup section */
		271719DB1CAD3C3900123816 /* CommHub.xcdatamodeld */ = {
			isa = XCVersionGroup;
			children = (
				271719DC1CAD3C3900123816 /* CommHub.xcdatamodel */,
			);
			currentVersion = 271719DC1CAD3C3900123816 /* CommHub.xcdatamodel */;
			path = CommHub.xcdatamodeld;
			sourceTree = "<group>";
			versionGroupType = wrapper.xcdatamodel;
		};
/* End XCVersionGroup section */
	};
	rootObject = 271719CC1CAD3C3900123816 /* Project object */;
}
